
Microsoft Visual Studio Solution File, Format Version 12.00
# Visual Studio Version 17
VisualStudioVersion = 17.4.33205.214
MinimumVisualStudioVersion = 10.0.40219.1
Project("{8BC9CEB8-8B4A-11D0-8D11-00A0C91BC942}") = "P_CPP_DS", "P_CPP_DS\P_CPP_DS.vcxproj", "{B84F11C4-718D-4428-9D32-3A5FE7D82D0B}"
EndProject
Global
	GlobalSection(SolutionConfigurationPlatforms) = preSolution
		Debug|x64 = Debug|x64
		Debug|x86 = Debug|x86
		Release|x64 = Release|x64
		Release|x86 = Release|x86
	EndGlobalSection
	GlobalSection(ProjectConfigurationPlatforms) = postSolution
		{B84F11C4-718D-4428-9D32-3A5FE7D82D0B}.Debug|x64.ActiveCfg = Debug|x64
		{B84F11C4-718D-4428-9D32-3A5FE7D82D0B}.Debug|x64.Build.0 = Debug|x64
		{B84F11C4-718D-4428-9D32-3A5FE7D82D0B}.Debug|x86.ActiveCfg = Debug|Win32
		{B84F11C4-718D-4428-9D32-3A5FE7D82D0B}.Debug|x86.Build.0 = Debug|Win32
		{B84F11C4-718D-4428-9D32-3A5FE7D82D0B}.Release|x64.ActiveCfg = Release|x64
		{B84F11C4-718D-4428-9D32-3A5FE7D82D0B}.Release|x64.Build.0 = Release|x64
		{B84F11C4-718D-4428-9D32-3A5FE7D82D0B}.Release|x86.ActiveCfg = Release|Win32
		{B84F11C4-718D-4428-9D32-3A5FE7D82D0B}.Release|x86.Build.0 = Release|Win32
	EndGlobalSection
	GlobalSection(SolutionProperties) = preSolution
		HideSolutionNode = FALSE
	EndGlobalSection
	GlobalSection(ExtensibilityGlobals) = postSolution
		SolutionGuid = {77D1668D-57F2-4991-B625-8F16352EF8FB}
	EndGlobalSection
EndGlobal
