<?xml version="1.0" encoding="utf-8"?>
<Project ToolsVersion="4.0" xmlns="http://schemas.microsoft.com/developer/msbuild/2003">
  <ItemGroup>
    <Filter Include="Source Files">
      <UniqueIdentifier>{4FC737F1-C7A5-4376-A066-2A32D752A2FF}</UniqueIdentifier>
      <Extensions>cpp;c;cc;cxx;c++;cppm;ixx;def;odl;idl;hpj;bat;asm;asmx</Extensions>
    </Filter>
    <Filter Include="Header Files">
      <UniqueIdentifier>{93995380-89BD-4b04-88EB-625FBE52EBFB}</UniqueIdentifier>
      <Extensions>h;hh;hpp;hxx;h++;hm;inl;inc;ipp;xsd</Extensions>
    </Filter>
    <Filter Include="Resource Files">
      <UniqueIdentifier>{67DA6AB6-F800-4c08-8B7A-83BB121AAD01}</UniqueIdentifier>
      <Extensions>rc;ico;cur;bmp;dlg;rc2;rct;bin;rgs;gif;jpg;jpeg;jpe;resx;tiff;tif;png;wav;mfcribbon-ms</Extensions>
    </Filter>
    <Filter Include="Car">
      <UniqueIdentifier>{8a72e06d-f9a1-4302-8154-c3c7665f859f}</UniqueIdentifier>
    </Filter>
    <Filter Include="Logger">
      <UniqueIdentifier>{55394a27-819e-42a6-8e77-62a064271490}</UniqueIdentifier>
    </Filter>
    <Filter Include="Reporting">
      <UniqueIdentifier>{fe5abf3e-bbe9-43dc-8a66-881efc681f2b}</UniqueIdentifier>
    </Filter>
    <Filter Include="Header Files\Includes">
      <UniqueIdentifier>{da434cae-c62e-4f06-a1de-3a4d8f82c073}</UniqueIdentifier>
    </Filter>
    <Filter Include="Header Files\Includes\Car">
      <UniqueIdentifier>{4cfa6abc-eed0-495b-b1e5-34cbc192f8ca}</UniqueIdentifier>
    </Filter>
    <Filter Include="Header Files\Includes\Logger">
      <UniqueIdentifier>{9255b77b-d987-4a7f-9bf2-7e1bfde1f98e}</UniqueIdentifier>
    </Filter>
    <Filter Include="Header Files\Includes\Reporting">
      <UniqueIdentifier>{d865aabf-d8c8-406a-9e96-e5ff0e5c1794}</UniqueIdentifier>
    </Filter>
  </ItemGroup>
  <ItemGroup>
    <ClCompile Include="SOLID_DIP_First.cpp">
      <Filter>Source Files</Filter>
    </ClCompile>
    <ClCompile Include="Car\Car.cpp">
      <Filter>Car</Filter>
    </ClCompile>
    <ClCompile Include="Car\Engine.cpp">
      <Filter>Car</Filter>
    </ClCompile>
    <ClCompile Include="Logger\ConsoleLogger.cpp">
      <Filter>Logger</Filter>
    </ClCompile>
    <ClCompile Include="Reporting\Reporting.cpp">
      <Filter>Reporting</Filter>
    </ClCompile>
  </ItemGroup>
  <ItemGroup>
    <ClInclude Include="Includes\Car\Car.h">
      <Filter>Header Files\Includes\Car</Filter>
    </ClInclude>
    <ClInclude Include="Includes\Car\Engine.h">
      <Filter>Header Files\Includes\Car</Filter>
    </ClInclude>
    <ClInclude Include="Includes\Logger\ConsoleLogger.h">
      <Filter>Header Files\Includes\Logger</Filter>
    </ClInclude>
    <ClInclude Include="Includes\Logger\ILogger.h">
      <Filter>Header Files\Includes\Logger</Filter>
    </ClInclude>
    <ClInclude Include="Includes\Reporting\Reporting.h">
      <Filter>Header Files\Includes\Reporting</Filter>
    </ClInclude>
    <ClInclude Include="Includes\Relationships.h">
      <Filter>Header Files</Filter>
    </ClInclude>
  </ItemGroup>
</Project>